# This file is automatically @generated by Cargo.
# It is not intended for manual editing.
version = 3

[[package]]
name = "day2"
version = "0.1.0"
dependencies = [
 "zf-cc-utils",
]

[[package]]
name = "zf-cc-utils"
version = "0.1.2"
source = "registry+https://github.com/rust-lang/crates.io-index"
checksum = "2f9c52400d992b97baa74d89a3757c15d719074e867d2847696106fcbd07d83b"
